
Microsoft Visual Studio Solution File, Format Version 12.00
# Visual Studio 15
VisualStudioVersion = 15.0.28010.2003
MinimumVisualStudioVersion = 10.0.40219.1
Project("{FAE04EC0-301F-11D3-BF4B-00C04F79EFBC}") = "MyAwesomeBlog", "MyAwesomeBlog\MyAwesomeBlog.csproj", "{ED5D3218-3946-4D1E-9757-78A2AA1AB96F}"
EndProject
Global
	GlobalSection(SolutionConfigurationPlatforms) = preSolution
		Debug|Any CPU = Debug|Any CPU
		Release|Any CPU = Release|Any CPU
	EndGlobalSection
	GlobalSection(ProjectConfigurationPlatforms) = postSolution
		{ED5D3218-3946-4D1E-9757-78A2AA1AB96F}.Debug|Any CPU.ActiveCfg = Debug|Any CPU
		{ED5D3218-3946-4D1E-9757-78A2AA1AB96F}.Debug|Any CPU.Build.0 = Debug|Any CPU
		{ED5D3218-3946-4D1E-9757-78A2AA1AB96F}.Release|Any CPU.ActiveCfg = Release|Any CPU
		{ED5D3218-3946-4D1E-9757-78A2AA1AB96F}.Release|Any CPU.Build.0 = Release|Any CPU
	EndGlobalSection
	GlobalSection(SolutionProperties) = preSolution
		HideSolutionNode = FALSE
	EndGlobalSection
	GlobalSection(ExtensibilityGlobals) = postSolution
		SolutionGuid = {D0AF3FC3-8FC2-4E9B-B270-5D647D7E7F12}
	EndGlobalSection
EndGlobal
